
Microsoft Visual Studio Solution File, Format Version 12.00
# Visual Studio 15
VisualStudioVersion = 15.0.27004.2009
MinimumVisualStudioVersion = 10.0.40219.1
Project("{8BC9CEB8-8B4A-11D0-8D11-00A0C91BC942}") = "Game", "Game\Game.vcxproj", "{D3DC9B7A-159A-4DEF-BA56-0B2E8AC28360}"
EndProject
Global
	GlobalSection(SolutionConfigurationPlatforms) = preSolution
		Debug|Any CPU = Debug|Any CPU
		Debug|x64 = Debug|x64
		Debug|x86 = Debug|x86
		Release|Any CPU = Release|Any CPU
		Release|x64 = Release|x64
		Release|x86 = Release|x86
	EndGlobalSection
	GlobalSection(ProjectConfigurationPlatforms) = postSolution
		{D3DC9B7A-159A-4DEF-BA56-0B2E8AC28360}.Debug|Any CPU.ActiveCfg = Debug|Win32
		{D3DC9B7A-159A-4DEF-BA56-0B2E8AC28360}.Debug|x64.ActiveCfg = Debug|x64
		{D3DC9B7A-159A-4DEF-BA56-0B2E8AC28360}.Debug|x64.Build.0 = Debug|x64
		{D3DC9B7A-159A-4DEF-BA56-0B2E8AC28360}.Debug|x86.ActiveCfg = Debug|Win32
		{D3DC9B7A-159A-4DEF-BA56-0B2E8AC28360}.Debug|x86.Build.0 = Debug|Win32
		{D3DC9B7A-159A-4DEF-BA56-0B2E8AC28360}.Release|Any CPU.ActiveCfg = Release|Win32
		{D3DC9B7A-159A-4DEF-BA56-0B2E8AC28360}.Release|x64.ActiveCfg = Release|x64
		{D3DC9B7A-159A-4DEF-BA56-0B2E8AC28360}.Release|x64.Build.0 = Release|x64
		{D3DC9B7A-159A-4DEF-BA56-0B2E8AC28360}.Release|x86.ActiveCfg = Release|Win32
		{D3DC9B7A-159A-4DEF-BA56-0B2E8AC28360}.Release|x86.Build.0 = Release|Win32
	EndGlobalSection
	GlobalSection(SolutionProperties) = preSolution
		HideSolutionNode = FALSE
	EndGlobalSection
	GlobalSection(ExtensibilityGlobals) = postSolution
		SolutionGuid = {258BCCFB-A51A-463A-B4AF-6BC9E6A6B6DD}
	EndGlobalSection
EndGlobal
