
Microsoft Visual Studio Solution File, Format Version 12.00
# Visual Studio 14
VisualStudioVersion = 14.0.25420.1
MinimumVisualStudioVersion = 10.0.40219.1
Project("{8BC9CEB8-8B4A-11D0-8D11-00A0C91BC942}") = "View", "View\View.vcxproj", "{590F7135-26AD-4377-BDB8-63707302669E}"
EndProject
Project("{8BC9CEB8-8B4A-11D0-8D11-00A0C91BC942}") = "Controller", "Controller\Controller.vcxproj", "{9B5E20A1-F6D7-4781-8D4F-FB938EFD17FA}"
EndProject
Project("{8BC9CEB8-8B4A-11D0-8D11-00A0C91BC942}") = "Model", "Model\Model.vcxproj", "{58E7878C-7A74-4307-9642-8D5473D9F256}"
EndProject
Project("{8BC9CEB8-8B4A-11D0-8D11-00A0C91BC942}") = "FSM", "C:\Users\Tobias\Desktop\FSM\FSM.vcxproj", "{4EB098E9-3253-4CBA-AEA1-15256E8E8329}"
EndProject
Project("{8BC9CEB8-8B4A-11D0-8D11-00A0C91BC942}") = "Game", "Game\Game.vcxproj", "{D3DC9B7A-159A-4DEF-BA56-0B2E8AC28360}"
EndProject
Global
	GlobalSection(SolutionConfigurationPlatforms) = preSolution
		Debug|Any CPU = Debug|Any CPU
		Debug|x64 = Debug|x64
		Debug|x86 = Debug|x86
		Release|Any CPU = Release|Any CPU
		Release|x64 = Release|x64
		Release|x86 = Release|x86
	EndGlobalSection
	GlobalSection(ProjectConfigurationPlatforms) = postSolution
		{590F7135-26AD-4377-BDB8-63707302669E}.Debug|Any CPU.ActiveCfg = Debug|Win32
		{590F7135-26AD-4377-BDB8-63707302669E}.Debug|x64.ActiveCfg = Debug|x64
		{590F7135-26AD-4377-BDB8-63707302669E}.Debug|x64.Build.0 = Debug|x64
		{590F7135-26AD-4377-BDB8-63707302669E}.Debug|x86.ActiveCfg = Debug|Win32
		{590F7135-26AD-4377-BDB8-63707302669E}.Debug|x86.Build.0 = Debug|Win32
		{590F7135-26AD-4377-BDB8-63707302669E}.Release|Any CPU.ActiveCfg = Release|Win32
		{590F7135-26AD-4377-BDB8-63707302669E}.Release|x64.ActiveCfg = Release|x64
		{590F7135-26AD-4377-BDB8-63707302669E}.Release|x64.Build.0 = Release|x64
		{590F7135-26AD-4377-BDB8-63707302669E}.Release|x86.ActiveCfg = Release|Win32
		{590F7135-26AD-4377-BDB8-63707302669E}.Release|x86.Build.0 = Release|Win32
		{9B5E20A1-F6D7-4781-8D4F-FB938EFD17FA}.Debug|Any CPU.ActiveCfg = Debug|Win32
		{9B5E20A1-F6D7-4781-8D4F-FB938EFD17FA}.Debug|x64.ActiveCfg = Debug|x64
		{9B5E20A1-F6D7-4781-8D4F-FB938EFD17FA}.Debug|x64.Build.0 = Debug|x64
		{9B5E20A1-F6D7-4781-8D4F-FB938EFD17FA}.Debug|x86.ActiveCfg = Debug|Win32
		{9B5E20A1-F6D7-4781-8D4F-FB938EFD17FA}.Debug|x86.Build.0 = Debug|Win32
		{9B5E20A1-F6D7-4781-8D4F-FB938EFD17FA}.Release|Any CPU.ActiveCfg = Release|Win32
		{9B5E20A1-F6D7-4781-8D4F-FB938EFD17FA}.Release|x64.ActiveCfg = Release|x64
		{9B5E20A1-F6D7-4781-8D4F-FB938EFD17FA}.Release|x64.Build.0 = Release|x64
		{9B5E20A1-F6D7-4781-8D4F-FB938EFD17FA}.Release|x86.ActiveCfg = Release|Win32
		{9B5E20A1-F6D7-4781-8D4F-FB938EFD17FA}.Release|x86.Build.0 = Release|Win32
		{58E7878C-7A74-4307-9642-8D5473D9F256}.Debug|Any CPU.ActiveCfg = Debug|Win32
		{58E7878C-7A74-4307-9642-8D5473D9F256}.Debug|x64.ActiveCfg = Debug|x64
		{58E7878C-7A74-4307-9642-8D5473D9F256}.Debug|x64.Build.0 = Debug|x64
		{58E7878C-7A74-4307-9642-8D5473D9F256}.Debug|x86.ActiveCfg = Debug|Win32
		{58E7878C-7A74-4307-9642-8D5473D9F256}.Debug|x86.Build.0 = Debug|Win32
		{58E7878C-7A74-4307-9642-8D5473D9F256}.Release|Any CPU.ActiveCfg = Release|Win32
		{58E7878C-7A74-4307-9642-8D5473D9F256}.Release|x64.ActiveCfg = Release|x64
		{58E7878C-7A74-4307-9642-8D5473D9F256}.Release|x64.Build.0 = Release|x64
		{58E7878C-7A74-4307-9642-8D5473D9F256}.Release|x86.ActiveCfg = Release|Win32
		{58E7878C-7A74-4307-9642-8D5473D9F256}.Release|x86.Build.0 = Release|Win32
		{4EB098E9-3253-4CBA-AEA1-15256E8E8329}.Debug|Any CPU.ActiveCfg = Debug|Win32
		{4EB098E9-3253-4CBA-AEA1-15256E8E8329}.Debug|x64.ActiveCfg = Debug|x64
		{4EB098E9-3253-4CBA-AEA1-15256E8E8329}.Debug|x64.Build.0 = Debug|x64
		{4EB098E9-3253-4CBA-AEA1-15256E8E8329}.Debug|x86.ActiveCfg = Debug|Win32
		{4EB098E9-3253-4CBA-AEA1-15256E8E8329}.Debug|x86.Build.0 = Debug|Win32
		{4EB098E9-3253-4CBA-AEA1-15256E8E8329}.Release|Any CPU.ActiveCfg = Release|Win32
		{4EB098E9-3253-4CBA-AEA1-15256E8E8329}.Release|x64.ActiveCfg = Release|x64
		{4EB098E9-3253-4CBA-AEA1-15256E8E8329}.Release|x64.Build.0 = Release|x64
		{4EB098E9-3253-4CBA-AEA1-15256E8E8329}.Release|x86.ActiveCfg = Release|Win32
		{4EB098E9-3253-4CBA-AEA1-15256E8E8329}.Release|x86.Build.0 = Release|Win32
		{D3DC9B7A-159A-4DEF-BA56-0B2E8AC28360}.Debug|Any CPU.ActiveCfg = Debug|Win32
		{D3DC9B7A-159A-4DEF-BA56-0B2E8AC28360}.Debug|x64.ActiveCfg = Debug|x64
		{D3DC9B7A-159A-4DEF-BA56-0B2E8AC28360}.Debug|x64.Build.0 = Debug|x64
		{D3DC9B7A-159A-4DEF-BA56-0B2E8AC28360}.Debug|x86.ActiveCfg = Debug|Win32
		{D3DC9B7A-159A-4DEF-BA56-0B2E8AC28360}.Debug|x86.Build.0 = Debug|Win32
		{D3DC9B7A-159A-4DEF-BA56-0B2E8AC28360}.Release|Any CPU.ActiveCfg = Release|Win32
		{D3DC9B7A-159A-4DEF-BA56-0B2E8AC28360}.Release|x64.ActiveCfg = Release|x64
		{D3DC9B7A-159A-4DEF-BA56-0B2E8AC28360}.Release|x64.Build.0 = Release|x64
		{D3DC9B7A-159A-4DEF-BA56-0B2E8AC28360}.Release|x86.ActiveCfg = Release|Win32
		{D3DC9B7A-159A-4DEF-BA56-0B2E8AC28360}.Release|x86.Build.0 = Release|Win32
	EndGlobalSection
	GlobalSection(SolutionProperties) = preSolution
		HideSolutionNode = FALSE
	EndGlobalSection
EndGlobal
