<?xml version="1.0" encoding="utf-8"?>
<Project ToolsVersion="4.0" xmlns="http://schemas.microsoft.com/developer/msbuild/2003">
  <ItemGroup>
    <Filter Include="Source Files">
      <UniqueIdentifier>{4FC737F1-C7A5-4376-A066-2A32D752A2FF}</UniqueIdentifier>
      <Extensions>cpp;c;cc;cxx;def;odl;idl;hpj;bat;asm;asmx</Extensions>
    </Filter>
    <Filter Include="Header Files">
      <UniqueIdentifier>{93995380-89BD-4b04-88EB-625FBE52EBFB}</UniqueIdentifier>
      <Extensions>h;hh;hpp;hxx;hm;inl;inc;xsd</Extensions>
    </Filter>
    <Filter Include="Header Files\Graphics">
      <UniqueIdentifier>{5b96ed45-a52b-4ddd-819c-fcd97d81b71b}</UniqueIdentifier>
    </Filter>
    <Filter Include="Source Files\Graphics">
      <UniqueIdentifier>{1ef5168f-34b2-4dda-8dc8-5c7ae891a2d6}</UniqueIdentifier>
    </Filter>
    <Filter Include="Header Files\Controllers">
      <UniqueIdentifier>{e4fa0d2e-06c6-4929-86ff-4834a9b60813}</UniqueIdentifier>
    </Filter>
    <Filter Include="Source Files\Controllers">
      <UniqueIdentifier>{b9c46c4a-31d4-4513-b11f-47759b27d3b2}</UniqueIdentifier>
    </Filter>
    <Filter Include="Source Files\Model">
      <UniqueIdentifier>{0d717e52-3072-42e0-8a27-071d4d349cdc}</UniqueIdentifier>
    </Filter>
    <Filter Include="Header Files\ALX">
      <UniqueIdentifier>{f21c996a-aba6-49b5-82fc-ac0349be9a88}</UniqueIdentifier>
    </Filter>
    <Filter Include="Header Files\Model">
      <UniqueIdentifier>{11281a75-b2ee-45fb-af84-779524414ab2}</UniqueIdentifier>
    </Filter>
    <Filter Include="Resource Files">
      <UniqueIdentifier>{67DA6AB6-F800-4c08-8B7A-83BB121AAD01}</UniqueIdentifier>
      <Extensions>rc;ico;cur;bmp;dlg;rc2;rct;bin;rgs;gif;jpg;jpeg;jpe;resx;tiff;tif;png;wav;mfcribbon-ms</Extensions>
    </Filter>
    <Filter Include="Resource Files\Images">
      <UniqueIdentifier>{0fabdcbc-ac1d-4bd6-9175-38ec4366bae3}</UniqueIdentifier>
    </Filter>
    <Filter Include="Resource Files\Images\Loot">
      <UniqueIdentifier>{da740d30-85f9-4487-b9f6-f54fdc00f190}</UniqueIdentifier>
    </Filter>
    <Filter Include="Resource Files\Images\Characters">
      <UniqueIdentifier>{131fe75d-5d62-4f96-9a0b-016d1dc2e1e2}</UniqueIdentifier>
    </Filter>
    <Filter Include="Resource Files\Images\Patrol">
      <UniqueIdentifier>{9f6d876c-e3b2-46b8-9002-89994b0a01f6}</UniqueIdentifier>
    </Filter>
    <Filter Include="Resource Files\Images\Tiles">
      <UniqueIdentifier>{b258887e-4be6-43f0-b3e0-1ec84efd4eec}</UniqueIdentifier>
    </Filter>
    <Filter Include="Header Files\Observers">
      <UniqueIdentifier>{5b103e09-9467-46a6-ba33-b4c7c5bf6dd0}</UniqueIdentifier>
    </Filter>
    <Filter Include="Source Files\Observers">
      <UniqueIdentifier>{726a1589-35c5-4dc1-b86f-8b951673edef}</UniqueIdentifier>
    </Filter>
    <Filter Include="Header Files\Model\TileCards">
      <UniqueIdentifier>{968581fc-e2f3-447e-a851-a0f44c177977}</UniqueIdentifier>
    </Filter>
    <Filter Include="Source Files\Model\TileCards">
      <UniqueIdentifier>{c6c7e7d2-be0c-48a4-b13f-babf0853c198}</UniqueIdentifier>
    </Filter>
  </ItemGroup>
  <ItemGroup>
    <ClInclude Include="Configs.h">
      <Filter>Header Files</Filter>
    </ClInclude>
    <ClInclude Include="Image.h">
      <Filter>Header Files\Graphics</Filter>
    </ClInclude>
    <ClInclude Include="object.h">
      <Filter>Header Files\Graphics</Filter>
    </ClInclude>
    <ClInclude Include="Container.h">
      <Filter>Header Files\Graphics</Filter>
    </ClInclude>
    <ClInclude Include="Button.h">
      <Filter>Header Files\Graphics</Filter>
    </ClInclude>
    <ClInclude Include="Screen.h">
      <Filter>Header Files\Graphics</Filter>
    </ClInclude>
    <ClInclude Include="localControler.h">
      <Filter>Header Files\Controllers</Filter>
    </ClInclude>
    <ClInclude Include="controller.h">
      <Filter>Header Files\Controllers</Filter>
    </ClInclude>
    <ClInclude Include="Textbox.h">
      <Filter>Header Files\Graphics</Filter>
    </ClInclude>
    <ClInclude Include="alx\AllegroFile.hpp">
      <Filter>Header Files\ALX</Filter>
    </ClInclude>
    <ClInclude Include="alx\AudioStream.hpp">
      <Filter>Header Files\ALX</Filter>
    </ClInclude>
    <ClInclude Include="alx\Bitmap.hpp">
      <Filter>Header Files\ALX</Filter>
    </ClInclude>
    <ClInclude Include="alx\Color.hpp">
      <Filter>Header Files\ALX</Filter>
    </ClInclude>
    <ClInclude Include="alx\Condition.hpp">
      <Filter>Header Files\ALX</Filter>
    </ClInclude>
    <ClInclude Include="alx\Config.hpp">
      <Filter>Header Files\ALX</Filter>
    </ClInclude>
    <ClInclude Include="alx\ConfigEntryContainer.hpp">
      <Filter>Header Files\ALX</Filter>
    </ClInclude>
    <ClInclude Include="alx\ConfigSectionContainer.hpp">
      <Filter>Header Files\ALX</Filter>
    </ClInclude>
    <ClInclude Include="alx\Display.hpp">
      <Filter>Header Files\ALX</Filter>
    </ClInclude>
    <ClInclude Include="alx\Event.hpp">
      <Filter>Header Files\ALX</Filter>
    </ClInclude>
    <ClInclude Include="alx\EventQueue.hpp">
      <Filter>Header Files\ALX</Filter>
    </ClInclude>
    <ClInclude Include="alx\EventSource.hpp">
      <Filter>Header Files\ALX</Filter>
    </ClInclude>
    <ClInclude Include="alx\File.hpp">
      <Filter>Header Files\ALX</Filter>
    </ClInclude>
    <ClInclude Include="alx\FileEntry.hpp">
      <Filter>Header Files\ALX</Filter>
    </ClInclude>
    <ClInclude Include="alx\FilePath.hpp">
      <Filter>Header Files\ALX</Filter>
    </ClInclude>
    <ClInclude Include="alx\Fixed.hpp">
      <Filter>Header Files\ALX</Filter>
    </ClInclude>
    <ClInclude Include="alx\Font.hpp">
      <Filter>Header Files\ALX</Filter>
    </ClInclude>
    <ClInclude Include="alx\Joystick.hpp">
      <Filter>Header Files\ALX</Filter>
    </ClInclude>
    <ClInclude Include="alx\JoystickState.hpp">
      <Filter>Header Files\ALX</Filter>
    </ClInclude>
    <ClInclude Include="alx\Keyboard.hpp">
      <Filter>Header Files\ALX</Filter>
    </ClInclude>
    <ClInclude Include="alx\KeyboardState.hpp">
      <Filter>Header Files\ALX</Filter>
    </ClInclude>
    <ClInclude Include="alx\Lock.hpp">
      <Filter>Header Files\ALX</Filter>
    </ClInclude>
    <ClInclude Include="alx\Mixer.hpp">
      <Filter>Header Files\ALX</Filter>
    </ClInclude>
    <ClInclude Include="alx\Mouse.hpp">
      <Filter>Header Files\ALX</Filter>
    </ClInclude>
    <ClInclude Include="alx\MouseState.hpp">
      <Filter>Header Files\ALX</Filter>
    </ClInclude>
    <ClInclude Include="alx\Mutex.hpp">
      <Filter>Header Files\ALX</Filter>
    </ClInclude>
    <ClInclude Include="alx\NativeFileDialog.hpp">
      <Filter>Header Files\ALX</Filter>
    </ClInclude>
    <ClInclude Include="alx\NativeTextLog.hpp">
      <Filter>Header Files\ALX</Filter>
    </ClInclude>
    <ClInclude Include="alx\Point.hpp">
      <Filter>Header Files\ALX</Filter>
    </ClInclude>
    <ClInclude Include="alx\Rect.hpp">
      <Filter>Header Files\ALX</Filter>
    </ClInclude>
    <ClInclude Include="alx\Sample.hpp">
      <Filter>Header Files\ALX</Filter>
    </ClInclude>
    <ClInclude Include="alx\SampleId.hpp">
      <Filter>Header Files\ALX</Filter>
    </ClInclude>
    <ClInclude Include="alx\SampleInstance.hpp">
      <Filter>Header Files\ALX</Filter>
    </ClInclude>
    <ClInclude Include="alx\Shared.hpp">
      <Filter>Header Files\ALX</Filter>
    </ClInclude>
    <ClInclude Include="alx\Size.hpp">
      <Filter>Header Files\ALX</Filter>
    </ClInclude>
    <ClInclude Include="alx\State.hpp">
      <Filter>Header Files\ALX</Filter>
    </ClInclude>
    <ClInclude Include="alx\String.hpp">
      <Filter>Header Files\ALX</Filter>
    </ClInclude>
    <ClInclude Include="alx\System.hpp">
      <Filter>Header Files\ALX</Filter>
    </ClInclude>
    <ClInclude Include="alx\Thread.hpp">
      <Filter>Header Files\ALX</Filter>
    </ClInclude>
    <ClInclude Include="alx\Timeout.hpp">
      <Filter>Header Files\ALX</Filter>
    </ClInclude>
    <ClInclude Include="alx\Timer.hpp">
      <Filter>Header Files\ALX</Filter>
    </ClInclude>
    <ClInclude Include="alx\Transform.hpp">
      <Filter>Header Files\ALX</Filter>
    </ClInclude>
    <ClInclude Include="alx\UserEvent.hpp">
      <Filter>Header Files\ALX</Filter>
    </ClInclude>
    <ClInclude Include="alx\UserEventSource.hpp">
      <Filter>Header Files\ALX</Filter>
    </ClInclude>
    <ClInclude Include="alx\Util.hpp">
      <Filter>Header Files\ALX</Filter>
    </ClInclude>
    <ClInclude Include="alx\Value.hpp">
      <Filter>Header Files\ALX</Filter>
    </ClInclude>
    <ClInclude Include="alx\Vector2.hpp">
      <Filter>Header Files\ALX</Filter>
    </ClInclude>
    <ClInclude Include="alx\Vector2Base.hpp">
      <Filter>Header Files\ALX</Filter>
    </ClInclude>
    <ClInclude Include="alx\VertexDecl.hpp">
      <Filter>Header Files\ALX</Filter>
    </ClInclude>
    <ClInclude Include="alx\Voice.hpp">
      <Filter>Header Files\ALX</Filter>
    </ClInclude>
    <ClInclude Include="Tile.h">
      <Filter>Header Files\Model</Filter>
    </ClInclude>
    <ClInclude Include="Player.h">
      <Filter>Header Files\Model</Filter>
    </ClInclude>
    <ClInclude Include="TileObserver.h">
      <Filter>Header Files\Observers</Filter>
    </ClInclude>
    <ClInclude Include="Observer.h">
      <Filter>Header Files\Observers</Filter>
    </ClInclude>
    <ClInclude Include="PatrolCard.h">
      <Filter>Header Files\Model</Filter>
    </ClInclude>
    <ClInclude Include="Guard.h">
      <Filter>Header Files\Model</Filter>
    </ClInclude>
    <ClInclude Include="actionNode.h">
      <Filter>Header Files\Model</Filter>
    </ClInclude>
    <ClInclude Include="FloorObserver.h">
      <Filter>Header Files\Observers</Filter>
    </ClInclude>
    <ClInclude Include="Board.h">
      <Filter>Header Files</Filter>
    </ClInclude>
    <ClInclude Include="Floor.h">
      <Filter>Header Files\Model</Filter>
    </ClInclude>
    <ClInclude Include="Loot.h">
      <Filter>Header Files\Model</Filter>
    </ClInclude>
    <ClInclude Include="BaseCard.h">
      <Filter>Header Files</Filter>
    </ClInclude>
    <ClInclude Include="Enumerations.h">
      <Filter>Header Files</Filter>
    </ClInclude>
    <ClInclude Include="TileFactory.h">
      <Filter>Header Files</Filter>
    </ClInclude>
    <ClInclude Include="PatrolCardDeck.h">
      <Filter>Header Files</Filter>
    </ClInclude>
    <ClInclude Include="Atrium.h">
      <Filter>Header Files\Model\TileCards</Filter>
    </ClInclude>
    <ClInclude Include="Camera.h">
      <Filter>Header Files\Model\TileCards</Filter>
    </ClInclude>
    <ClInclude Include="ComputerRoomF.h">
      <Filter>Header Files\Model\TileCards</Filter>
    </ClInclude>
    <ClInclude Include="ComputerRoomL.h">
      <Filter>Header Files\Model\TileCards</Filter>
    </ClInclude>
    <ClInclude Include="ComputerRoomM.h">
      <Filter>Header Files\Model\TileCards</Filter>
    </ClInclude>
    <ClInclude Include="Deadbolt.h">
      <Filter>Header Files\Model\TileCards</Filter>
    </ClInclude>
    <ClInclude Include="Fingerprint.h">
      <Filter>Header Files\Model\TileCards</Filter>
    </ClInclude>
    <ClInclude Include="Foyer.h">
      <Filter>Header Files\Model\TileCards</Filter>
    </ClInclude>
    <ClInclude Include="Keypad.h">
      <Filter>Header Files\Model\TileCards</Filter>
    </ClInclude>
    <ClInclude Include="Laboratory.h">
      <Filter>Header Files\Model\TileCards</Filter>
    </ClInclude>
    <ClInclude Include="Laser.h">
      <Filter>Header Files\Model\TileCards</Filter>
    </ClInclude>
    <ClInclude Include="Lavatory.h">
      <Filter>Header Files\Model\TileCards</Filter>
    </ClInclude>
    <ClInclude Include="Motion.h">
      <Filter>Header Files\Model\TileCards</Filter>
    </ClInclude>
    <ClInclude Include="Safe.h">
      <Filter>Header Files\Model\TileCards</Filter>
    </ClInclude>
    <ClInclude Include="Scanner.h">
      <Filter>Header Files\Model\TileCards</Filter>
    </ClInclude>
    <ClInclude Include="SecretDoor.h">
      <Filter>Header Files\Model\TileCards</Filter>
    </ClInclude>
    <ClInclude Include="ServiceDuct.h">
      <Filter>Header Files\Model\TileCards</Filter>
    </ClInclude>
    <ClInclude Include="Stair.h">
      <Filter>Header Files\Model\TileCards</Filter>
    </ClInclude>
    <ClInclude Include="Thermo.h">
      <Filter>Header Files\Model\TileCards</Filter>
    </ClInclude>
    <ClInclude Include="Walkway.h">
      <Filter>Header Files\Model\TileCards</Filter>
    </ClInclude>
    <ClInclude Include="BaseDeck.h">
      <Filter>Header Files</Filter>
    </ClInclude>
    <ClInclude Include="GameModel.h">
      <Filter>Header Files</Filter>
    </ClInclude>
  </ItemGroup>
  <ItemGroup>
    <None Include="packages.config" />
  </ItemGroup>
  <ItemGroup>
    <ClCompile Include="object.cpp">
      <Filter>Source Files\Graphics</Filter>
    </ClCompile>
    <ClCompile Include="Image.cpp">
      <Filter>Source Files\Graphics</Filter>
    </ClCompile>
    <ClCompile Include="Container.cpp">
      <Filter>Source Files\Graphics</Filter>
    </ClCompile>
    <ClCompile Include="Button.cpp">
      <Filter>Source Files\Graphics</Filter>
    </ClCompile>
    <ClCompile Include="main.cpp">
      <Filter>Source Files</Filter>
    </ClCompile>
    <ClCompile Include="Screen.cpp">
      <Filter>Source Files\Graphics</Filter>
    </ClCompile>
    <ClCompile Include="localControler.cpp">
      <Filter>Source Files\Controllers</Filter>
    </ClCompile>
    <ClCompile Include="Textbox.cpp">
      <Filter>Source Files\Graphics</Filter>
    </ClCompile>
    <ClCompile Include="Tile.cpp">
      <Filter>Source Files\Model</Filter>
    </ClCompile>
    <ClCompile Include="TileObserver.cpp">
      <Filter>Source Files\Observers</Filter>
    </ClCompile>
    <ClCompile Include="Player.cpp">
      <Filter>Source Files\Model</Filter>
    </ClCompile>
    <ClCompile Include="PatrolCard.cpp">
      <Filter>Source Files\Model</Filter>
    </ClCompile>
    <ClCompile Include="Board.cpp">
      <Filter>Source Files\Model</Filter>
    </ClCompile>
    <ClCompile Include="Guard.cpp">
      <Filter>Source Files\Model</Filter>
    </ClCompile>
    <ClCompile Include="actionNode.cpp">
      <Filter>Source Files\Model</Filter>
    </ClCompile>
    <ClCompile Include="FloorObserver.cpp">
      <Filter>Source Files\Observers</Filter>
    </ClCompile>
    <ClCompile Include="GameModel.cpp">
      <Filter>Source Files\Model</Filter>
    </ClCompile>
    <ClCompile Include="Loot.cpp">
      <Filter>Source Files\Model</Filter>
    </ClCompile>
    <ClCompile Include="BaseCard.cpp">
      <Filter>Source Files</Filter>
    </ClCompile>
    <ClCompile Include="Floor.cpp">
      <Filter>Source Files</Filter>
    </ClCompile>
    <ClCompile Include="PatrolCardDeck.cpp">
      <Filter>Source Files</Filter>
    </ClCompile>
    <ClCompile Include="TileFactory.cpp">
      <Filter>Source Files</Filter>
    </ClCompile>
    <ClCompile Include="Atrium.cpp">
      <Filter>Source Files\Model\TileCards</Filter>
    </ClCompile>
    <ClCompile Include="Camera.cpp">
      <Filter>Source Files\Model\TileCards</Filter>
    </ClCompile>
    <ClCompile Include="ComputerRoomF.cpp">
      <Filter>Source Files\Model\TileCards</Filter>
    </ClCompile>
    <ClCompile Include="ComputerRoomL.cpp">
      <Filter>Source Files\Model\TileCards</Filter>
    </ClCompile>
    <ClCompile Include="ComputerRoomM.cpp">
      <Filter>Source Files\Model\TileCards</Filter>
    </ClCompile>
    <ClCompile Include="Deadbolt.cpp">
      <Filter>Source Files\Model\TileCards</Filter>
    </ClCompile>
    <ClCompile Include="Fingerprint.cpp">
      <Filter>Source Files\Model\TileCards</Filter>
    </ClCompile>
    <ClCompile Include="Foyer.cpp">
      <Filter>Source Files\Model\TileCards</Filter>
    </ClCompile>
    <ClCompile Include="Keypad.cpp">
      <Filter>Source Files\Model\TileCards</Filter>
    </ClCompile>
    <ClCompile Include="Laboratory.cpp">
      <Filter>Source Files\Model\TileCards</Filter>
    </ClCompile>
    <ClCompile Include="Laser.cpp">
      <Filter>Source Files\Model\TileCards</Filter>
    </ClCompile>
    <ClCompile Include="Lavatory.cpp">
      <Filter>Source Files\Model\TileCards</Filter>
    </ClCompile>
    <ClCompile Include="Motion.cpp">
      <Filter>Source Files\Model\TileCards</Filter>
    </ClCompile>
    <ClCompile Include="Safe.cpp">
      <Filter>Source Files\Model\TileCards</Filter>
    </ClCompile>
    <ClCompile Include="Scanner.cpp">
      <Filter>Source Files\Model\TileCards</Filter>
    </ClCompile>
    <ClCompile Include="SecretDoor.cpp">
      <Filter>Source Files\Model\TileCards</Filter>
    </ClCompile>
    <ClCompile Include="ServiceDuct.cpp">
      <Filter>Source Files\Model\TileCards</Filter>
    </ClCompile>
    <ClCompile Include="Stair.cpp">
      <Filter>Source Files\Model\TileCards</Filter>
    </ClCompile>
    <ClCompile Include="Thermo.cpp">
      <Filter>Source Files\Model\TileCards</Filter>
    </ClCompile>
    <ClCompile Include="Walkway.cpp">
      <Filter>Source Files\Model\TileCards</Filter>
    </ClCompile>
    <ClCompile Include="BaseDeck.cpp">
      <Filter>Source Files</Filter>
    </ClCompile>
  </ItemGroup>
  <ItemGroup>
    <Image Include="Images\Loot\Loot - Bust.jpg">
      <Filter>Resource Files\Images\Loot</Filter>
    </Image>
    <Image Include="Images\Loot\Loot - Chihuahua (2).jpg">
      <Filter>Resource Files\Images\Loot</Filter>
    </Image>
    <Image Include="Images\Loot\Loot - Chihuahua.jpg">
      <Filter>Resource Files\Images\Loot</Filter>
    </Image>
    <Image Include="Images\Loot\Loot - Cursed Goblet.jpg">
      <Filter>Resource Files\Images\Loot</Filter>
    </Image>
    <Image Include="Images\Loot\Loot - Gemstone.jpg">
      <Filter>Resource Files\Images\Loot</Filter>
    </Image>
    <Image Include="Images\Loot\Loot - Gold Bar.jpg">
      <Filter>Resource Files\Images\Loot</Filter>
    </Image>
    <Image Include="Images\Loot\Loot - Mirror.jpg">
      <Filter>Resource Files\Images\Loot</Filter>
    </Image>
    <Image Include="Images\Loot\Loot - Painting.jpg">
      <Filter>Resource Files\Images\Loot</Filter>
    </Image>
    <Image Include="Images\Loot\Loot - Persian Kitty.jpg">
      <Filter>Resource Files\Images\Loot</Filter>
    </Image>
    <Image Include="Images\Loot\Loot - Reverse.jpg">
      <Filter>Resource Files\Images\Loot</Filter>
    </Image>
    <Image Include="Images\Loot\Loot - Tiara.jpg">
      <Filter>Resource Files\Images\Loot</Filter>
    </Image>
    <Image Include="Images\Characters\Characters - The Acrobat.jpg">
      <Filter>Resource Files\Images\Characters</Filter>
    </Image>
    <Image Include="Images\Characters\Characters - The Hacker.jpg">
      <Filter>Resource Files\Images\Characters</Filter>
    </Image>
    <Image Include="Images\Characters\Characters - The Hawk.jpg">
      <Filter>Resource Files\Images\Characters</Filter>
    </Image>
    <Image Include="Images\Characters\Characters - The Peterman.jpg">
      <Filter>Resource Files\Images\Characters</Filter>
    </Image>
    <Image Include="Images\Characters\Characters - The Raven.jpg">
      <Filter>Resource Files\Images\Characters</Filter>
    </Image>
    <Image Include="Images\Characters\Characters - The Rigger.jpg">
      <Filter>Resource Files\Images\Characters</Filter>
    </Image>
    <Image Include="Images\Characters\Characters - The Rook.jpg">
      <Filter>Resource Files\Images\Characters</Filter>
    </Image>
    <Image Include="Images\Characters\Characters - The Spotter.jpg">
      <Filter>Resource Files\Images\Characters</Filter>
    </Image>
    <Image Include="Images\Characters\Characters.JPG">
      <Filter>Resource Files\Images\Characters</Filter>
    </Image>
    <Image Include="Images\Tiles\Tile - Atrium.jpg">
      <Filter>Resource Files\Images\Tiles</Filter>
    </Image>
    <Image Include="Images\Tiles\Tile - Camera.jpg">
      <Filter>Resource Files\Images\Tiles</Filter>
    </Image>
    <Image Include="Images\Tiles\Tile - Computer Room (Fingerprint).jpg">
      <Filter>Resource Files\Images\Tiles</Filter>
    </Image>
    <Image Include="Images\Tiles\Tile - Computer Room (Laser).jpg">
      <Filter>Resource Files\Images\Tiles</Filter>
    </Image>
    <Image Include="Images\Tiles\Tile - Computer Room (Motion).jpg">
      <Filter>Resource Files\Images\Tiles</Filter>
    </Image>
    <Image Include="Images\Tiles\Tile - Deadbolt.jpg">
      <Filter>Resource Files\Images\Tiles</Filter>
    </Image>
    <Image Include="Images\Tiles\Tile - Detector.jpg">
      <Filter>Resource Files\Images\Tiles</Filter>
    </Image>
    <Image Include="Images\Tiles\Tile - Fingerprint.jpg">
      <Filter>Resource Files\Images\Tiles</Filter>
    </Image>
    <Image Include="Images\Tiles\Tile - Foyer.jpg">
      <Filter>Resource Files\Images\Tiles</Filter>
    </Image>
    <Image Include="Images\Tiles\Tile - Keypad.jpg">
      <Filter>Resource Files\Images\Tiles</Filter>
    </Image>
    <Image Include="Images\Tiles\Tile - Laboratory.jpg">
      <Filter>Resource Files\Images\Tiles</Filter>
    </Image>
    <Image Include="Images\Tiles\Tile - Laser.jpg">
      <Filter>Resource Files\Images\Tiles</Filter>
    </Image>
    <Image Include="Images\Tiles\Tile - Lavatory.jpg">
      <Filter>Resource Files\Images\Tiles</Filter>
    </Image>
    <Image Include="Images\Tiles\Tile - Motion.jpg">
      <Filter>Resource Files\Images\Tiles</Filter>
    </Image>
    <Image Include="Images\Tiles\Tile - Reverse.jpg">
      <Filter>Resource Files\Images\Tiles</Filter>
    </Image>
    <Image Include="Images\Tiles\Tile - Safe.jpg">
      <Filter>Resource Files\Images\Tiles</Filter>
    </Image>
    <Image Include="Images\Tiles\Tile - Secret Door.jpg">
      <Filter>Resource Files\Images\Tiles</Filter>
    </Image>
    <Image Include="Images\Tiles\Tile - Service Duct.jpg">
      <Filter>Resource Files\Images\Tiles</Filter>
    </Image>
    <Image Include="Images\Tiles\Tile - Stairs.jpg">
      <Filter>Resource Files\Images\Tiles</Filter>
    </Image>
    <Image Include="Images\Tiles\Tile - Thermo.jpg">
      <Filter>Resource Files\Images\Tiles</Filter>
    </Image>
    <Image Include="Images\Tiles\Tile - Walkway.jpg">
      <Filter>Resource Files\Images\Tiles</Filter>
    </Image>
    <Image Include="Images\Patrol cards\Tiles 3 - copia (5).jpg">
      <Filter>Resource Files\Images\Patrol</Filter>
    </Image>
  </ItemGroup>
</Project>